
Microsoft Visual Studio Solution File, Format Version 12.00
# Visual Studio Version 17
VisualStudioVersion = 17.0.32112.339
MinimumVisualStudioVersion = 10.0.40219.1
Project("{FAE04EC0-301F-11D3-BF4B-00C04F79EFBC}") = "OODemo", "OODemo.csproj", "{D7F079B4-3FB5-4731-9A96-7C27BED2C832}"
EndProject
Project("{FAE04EC0-301F-11D3-BF4B-00C04F79EFBC}") = "BetterOODemo", "..\BetterOODemo\BetterOODemo.csproj", "{407FA5DE-D446-4D92-A7C6-47A475A46C96}"
EndProject
Global
	GlobalSection(SolutionConfigurationPlatforms) = preSolution
		Debug|Any CPU = Debug|Any CPU
		Release|Any CPU = Release|Any CPU
	EndGlobalSection
	GlobalSection(ProjectConfigurationPlatforms) = postSolution
		{D7F079B4-3FB5-4731-9A96-7C27BED2C832}.Debug|Any CPU.ActiveCfg = Debug|Any CPU
		{D7F079B4-3FB5-4731-9A96-7C27BED2C832}.Debug|Any CPU.Build.0 = Debug|Any CPU
		{D7F079B4-3FB5-4731-9A96-7C27BED2C832}.Release|Any CPU.ActiveCfg = Release|Any CPU
		{D7F079B4-3FB5-4731-9A96-7C27BED2C832}.Release|Any CPU.Build.0 = Release|Any CPU
		{407FA5DE-D446-4D92-A7C6-47A475A46C96}.Debug|Any CPU.ActiveCfg = Debug|Any CPU
		{407FA5DE-D446-4D92-A7C6-47A475A46C96}.Debug|Any CPU.Build.0 = Debug|Any CPU
		{407FA5DE-D446-4D92-A7C6-47A475A46C96}.Release|Any CPU.ActiveCfg = Release|Any CPU
		{407FA5DE-D446-4D92-A7C6-47A475A46C96}.Release|Any CPU.Build.0 = Release|Any CPU
	EndGlobalSection
	GlobalSection(SolutionProperties) = preSolution
		HideSolutionNode = FALSE
	EndGlobalSection
	GlobalSection(ExtensibilityGlobals) = postSolution
		SolutionGuid = {29054D3E-361B-4176-8B69-2BB0458919F9}
	EndGlobalSection
EndGlobal
