
Microsoft Visual Studio Solution File, Format Version 12.00
# Visual Studio Version 17
VisualStudioVersion = 17.0.32112.339
MinimumVisualStudioVersion = 10.0.40219.1
Project("{FAE04EC0-301F-11D3-BF4B-00C04F79EFBC}") = "ConsoleUI", "ConsoleUI.csproj", "{A1AB5C4D-A000-426D-8709-876DD902B445}"
EndProject
Project("{FAE04EC0-301F-11D3-BF4B-00C04F79EFBC}") = "DemoLibrary", "..\DemoLibrary\DemoLibrary.csproj", "{7F68A250-5986-4B8C-BFC3-99D4822345BA}"
EndProject
Global
	GlobalSection(SolutionConfigurationPlatforms) = preSolution
		Debug|Any CPU = Debug|Any CPU
		Release|Any CPU = Release|Any CPU
	EndGlobalSection
	GlobalSection(ProjectConfigurationPlatforms) = postSolution
		{A1AB5C4D-A000-426D-8709-876DD902B445}.Debug|Any CPU.ActiveCfg = Debug|Any CPU
		{A1AB5C4D-A000-426D-8709-876DD902B445}.Debug|Any CPU.Build.0 = Debug|Any CPU
		{A1AB5C4D-A000-426D-8709-876DD902B445}.Release|Any CPU.ActiveCfg = Release|Any CPU
		{A1AB5C4D-A000-426D-8709-876DD902B445}.Release|Any CPU.Build.0 = Release|Any CPU
		{7F68A250-5986-4B8C-BFC3-99D4822345BA}.Debug|Any CPU.ActiveCfg = Debug|Any CPU
		{7F68A250-5986-4B8C-BFC3-99D4822345BA}.Debug|Any CPU.Build.0 = Debug|Any CPU
		{7F68A250-5986-4B8C-BFC3-99D4822345BA}.Release|Any CPU.ActiveCfg = Release|Any CPU
		{7F68A250-5986-4B8C-BFC3-99D4822345BA}.Release|Any CPU.Build.0 = Release|Any CPU
	EndGlobalSection
	GlobalSection(SolutionProperties) = preSolution
		HideSolutionNode = FALSE
	EndGlobalSection
	GlobalSection(ExtensibilityGlobals) = postSolution
		SolutionGuid = {9B747B98-7FD2-40C2-9F1B-DCFA74C2055B}
	EndGlobalSection
EndGlobal
