
Microsoft Visual Studio Solution File, Format Version 12.00
# Visual Studio Version 17
VisualStudioVersion = 17.0.32112.339
MinimumVisualStudioVersion = 10.0.40219.1
Project("{FAE04EC0-301F-11D3-BF4B-00C04F79EFBC}") = "EFDemoWeb", "EFDemoWeb\EFDemoWeb.csproj", "{F82D4B6F-C251-4CF1-B958-9154EA9FC6C6}"
EndProject
Project("{FAE04EC0-301F-11D3-BF4B-00C04F79EFBC}") = "EFDataAccessLibrary", "EFDataAccessLibrary\EFDataAccessLibrary.csproj", "{332EF8B5-33CC-4F84-9F25-A485838E8EE2}"
EndProject
Global
	GlobalSection(SolutionConfigurationPlatforms) = preSolution
		Debug|Any CPU = Debug|Any CPU
		Release|Any CPU = Release|Any CPU
	EndGlobalSection
	GlobalSection(ProjectConfigurationPlatforms) = postSolution
		{F82D4B6F-C251-4CF1-B958-9154EA9FC6C6}.Debug|Any CPU.ActiveCfg = Debug|Any CPU
		{F82D4B6F-C251-4CF1-B958-9154EA9FC6C6}.Debug|Any CPU.Build.0 = Debug|Any CPU
		{F82D4B6F-C251-4CF1-B958-9154EA9FC6C6}.Release|Any CPU.ActiveCfg = Release|Any CPU
		{F82D4B6F-C251-4CF1-B958-9154EA9FC6C6}.Release|Any CPU.Build.0 = Release|Any CPU
		{332EF8B5-33CC-4F84-9F25-A485838E8EE2}.Debug|Any CPU.ActiveCfg = Debug|Any CPU
		{332EF8B5-33CC-4F84-9F25-A485838E8EE2}.Debug|Any CPU.Build.0 = Debug|Any CPU
		{332EF8B5-33CC-4F84-9F25-A485838E8EE2}.Release|Any CPU.ActiveCfg = Release|Any CPU
		{332EF8B5-33CC-4F84-9F25-A485838E8EE2}.Release|Any CPU.Build.0 = Release|Any CPU
	EndGlobalSection
	GlobalSection(SolutionProperties) = preSolution
		HideSolutionNode = FALSE
	EndGlobalSection
	GlobalSection(ExtensibilityGlobals) = postSolution
		SolutionGuid = {E713DB03-13E1-4A4E-ACDB-1C3F832E248B}
	EndGlobalSection
EndGlobal
